# THIS IS AN AUTOGENERATED FILE. DO NOT EDIT THIS FILE DIRECTLY.
# yarn lockfile v1


"@babel/parser@^7.16.4":
  version "7.16.7"
  resolved "https://registry.npmjs.org/@babel/parser/-/parser-7.16.7.tgz"
  integrity sha512-sR4eaSrnM7BV7QPzGfEX5paG/6wrZM3I0HDzfIAK06ESvo9oy3xBuVBxE3MbQaKNhvg8g/ixjMWo2CGpzpHsDA==

"@ctrl/tinycolor@^3.4.0":
  version "3.4.0"
  resolved "https://registry.npmjs.org/@ctrl/tinycolor/-/tinycolor-3.4.0.tgz"
  integrity sha512-JZButFdZ1+/xAfpguQHoabIXkcqRRKpMrWKBkpEZZyxfY9C1DpADFB8PEqGSTeFr135SaTRfKqGKx5xSCLI7ZQ==

"@element-plus/icons-vue@^0.2.4":
  version "0.2.4"
  resolved "https://registry.npmjs.org/@element-plus/icons-vue/-/icons-vue-0.2.4.tgz"
  integrity sha512-RsJNyL58rwxtsjeMy34o8txkL6UlME1stWsUlRpTac6UE9Bx9gdJvnDXbIKhOJqBLX17fBjmposdrn6VTqim2w==

"@ethersproject/abi@5.5.0", "@ethersproject/abi@^5.5.0":
  version "5.5.0"
  resolved "https://registry.npmjs.org/@ethersproject/abi/-/abi-5.5.0.tgz"
  integrity sha512-loW7I4AohP5KycATvc0MgujU6JyCHPqHdeoo9z3Nr9xEiNioxa65ccdm1+fsoJhkuhdRtfcL8cfyGamz2AxZ5w==
  dependencies:
    "@ethersproject/address" "^5.5.0"
    "@ethersproject/bignumber" "^5.5.0"
    "@ethersproject/bytes" "^5.5.0"
    "@ethersproject/constants" "^5.5.0"
    "@ethersproject/hash" "^5.5.0"
    "@ethersproject/keccak256" "^5.5.0"
    "@ethersproject/logger" "^5.5.0"
    "@ethersproject/properties" "^5.5.0"
    "@ethersproject/strings" "^5.5.0"

"@ethersproject/abstract-provider@5.5.1", "@ethersproject/abstract-provider@^5.5.0":
  version "5.5.1"
  resolved "https://registry.npmjs.org/@ethersproject/abstract-provider/-/abstract-provider-5.5.1.tgz"
  integrity sha512-m+MA/ful6eKbxpr99xUYeRvLkfnlqzrF8SZ46d/xFB1A7ZVknYc/sXJG0RcufF52Qn2jeFj1hhcoQ7IXjNKUqg==
  dependencies:
    "@ethersproject/bignumber" "^5.5.0"
    "@ethersproject/bytes" "^5.5.0"
    "@ethersproject/logger" "^5.5.0"
    "@ethersproject/networks" "^5.5.0"
    "@ethersproject/properties" "^5.5.0"
    "@ethersproject/transactions" "^5.5.0"
    "@ethersproject/web" "^5.5.0"

"@ethersproject/abstract-signer@5.5.0", "@ethersproject/abstract-signer@^5.5.0":
  version "5.5.0"
  resolved "https://registry.npmjs.org/@ethersproject/abstract-signer/-/abstract-signer-5.5.0.tgz"
  integrity sha512-lj//7r250MXVLKI7sVarXAbZXbv9P50lgmJQGr2/is82EwEb8r7HrxsmMqAjTsztMYy7ohrIhGMIml+Gx4D3mA==
  dependencies:
    "@ethersproject/abstract-provider" "^5.5.0"
    "@ethersproject/bignumber" "^5.5.0"
    "@ethersproject/bytes" "^5.5.0"
    "@ethersproject/logger" "^5.5.0"
    "@ethersproject/properties" "^5.5.0"

"@ethersproject/address@5.5.0", "@ethersproject/address@^5.5.0":
  version "5.5.0"
  resolved "https://registry.npmjs.org/@ethersproject/address/-/address-5.5.0.tgz"
  integrity sha512-l4Nj0eWlTUh6ro5IbPTgbpT4wRbdH5l8CQf7icF7sb/SI3Nhd9Y9HzhonTSTi6CefI0necIw7LJqQPopPLZyWw==
  dependencies:
    "@ethersproject/bignumber" "^5.5.0"
    "@ethersproject/bytes" "^5.5.0"
    "@ethersproject/keccak256" "^5.5.0"
    "@ethersproject/logger" "^5.5.0"
    "@ethersproject/rlp" "^5.5.0"

"@ethersproject/base64@5.5.0", "@ethersproject/base64@^5.5.0":
  version "5.5.0"
  resolved "https://registry.npmjs.org/@ethersproject/base64/-/base64-5.5.0.tgz"
  integrity sha512-tdayUKhU1ljrlHzEWbStXazDpsx4eg1dBXUSI6+mHlYklOXoXF6lZvw8tnD6oVaWfnMxAgRSKROg3cVKtCcppA==
  dependencies:
    "@ethersproject/bytes" "^5.5.0"

"@ethersproject/basex@5.5.0", "@ethersproject/basex@^5.5.0":
  version "5.5.0"
  resolved "https://registry.npmjs.org/@ethersproject/basex/-/basex-5.5.0.tgz"
  integrity sha512-ZIodwhHpVJ0Y3hUCfUucmxKsWQA5TMnavp5j/UOuDdzZWzJlRmuOjcTMIGgHCYuZmHt36BfiSyQPSRskPxbfaQ==
  dependencies:
    "@ethersproject/bytes" "^5.5.0"
    "@ethersproject/properties" "^5.5.0"

"@ethersproject/bignumber@5.5.0", "@ethersproject/bignumber@^5.5.0":
  version "5.5.0"
  resolved "https://registry.npmjs.org/@ethersproject/bignumber/-/bignumber-5.5.0.tgz"
  integrity sha512-6Xytlwvy6Rn3U3gKEc1vP7nR92frHkv6wtVr95LFR3jREXiCPzdWxKQ1cx4JGQBXxcguAwjA8murlYN2TSiEbg==
  dependencies:
    "@ethersproject/bytes" "^5.5.0"
    "@ethersproject/logger" "^5.5.0"
    bn.js "^4.11.9"

"@ethersproject/bytes@5.5.0", "@ethersproject/bytes@^5.5.0":
  version "5.5.0"
  resolved "https://registry.npmjs.org/@ethersproject/bytes/-/bytes-5.5.0.tgz"
  integrity sha512-ABvc7BHWhZU9PNM/tANm/Qx4ostPGadAuQzWTr3doklZOhDlmcBqclrQe/ZXUIj3K8wC28oYeuRa+A37tX9kog==
  dependencies:
    "@ethersproject/logger" "^5.5.0"

"@ethersproject/constants@5.5.0", "@ethersproject/constants@^5.5.0":
  version "5.5.0"
  resolved "https://registry.npmjs.org/@ethersproject/constants/-/constants-5.5.0.tgz"
  integrity sha512-2MsRRVChkvMWR+GyMGY4N1sAX9Mt3J9KykCsgUFd/1mwS0UH1qw+Bv9k1UJb3X3YJYFco9H20pjSlOIfCG5HYQ==
  dependencies:
    "@ethersproject/bignumber" "^5.5.0"

"@ethersproject/contracts@5.5.0":
  version "5.5.0"
  resolved "https://registry.npmjs.org/@ethersproject/contracts/-/contracts-5.5.0.tgz"
  integrity sha512-2viY7NzyvJkh+Ug17v7g3/IJC8HqZBDcOjYARZLdzRxrfGlRgmYgl6xPRKVbEzy1dWKw/iv7chDcS83pg6cLxg==
  dependencies:
    "@ethersproject/abi" "^5.5.0"
    "@ethersproject/abstract-provider" "^5.5.0"
    "@ethersproject/abstract-signer" "^5.5.0"
    "@ethersproject/address" "^5.5.0"
    "@ethersproject/bignumber" "^5.5.0"
    "@ethersproject/bytes" "^5.5.0"
    "@ethersproject/constants" "^5.5.0"
    "@ethersproject/logger" "^5.5.0"
    "@ethersproject/properties" "^5.5.0"
    "@ethersproject/transactions" "^5.5.0"

"@ethersproject/hash@5.5.0", "@ethersproject/hash@^5.5.0":
  version "5.5.0"
  resolved "https://registry.npmjs.org/@ethersproject/hash/-/hash-5.5.0.tgz"
  integrity sha512-dnGVpK1WtBjmnp3mUT0PlU2MpapnwWI0PibldQEq1408tQBAbZpPidkWoVVuNMOl/lISO3+4hXZWCL3YV7qzfg==
  dependencies:
    "@ethersproject/abstract-signer" "^5.5.0"
    "@ethersproject/address" "^5.5.0"
    "@ethersproject/bignumber" "^5.5.0"
    "@ethersproject/bytes" "^5.5.0"
    "@ethersproject/keccak256" "^5.5.0"
    "@ethersproject/logger" "^5.5.0"
    "@ethersproject/properties" "^5.5.0"
    "@ethersproject/strings" "^5.5.0"

"@ethersproject/hdnode@5.5.0", "@ethersproject/hdnode@^5.5.0":
  version "5.5.0"
  resolved "https://registry.npmjs.org/@ethersproject/hdnode/-/hdnode-5.5.0.tgz"
  integrity sha512-mcSOo9zeUg1L0CoJH7zmxwUG5ggQHU1UrRf8jyTYy6HxdZV+r0PBoL1bxr+JHIPXRzS6u/UW4mEn43y0tmyF8Q==
  dependencies:
    "@ethersproject/abstract-signer" "^5.5.0"
    "@ethersproject/basex" "^5.5.0"
    "@ethersproject/bignumber" "^5.5.0"
    "@ethersproject/bytes" "^5.5.0"
    "@ethersproject/logger" "^5.5.0"
    "@ethersproject/pbkdf2" "^5.5.0"
    "@ethersproject/properties" "^5.5.0"
    "@ethersproject/sha2" "^5.5.0"
    "@ethersproject/signing-key" "^5.5.0"
    "@ethersproject/strings" "^5.5.0"
    "@ethersproject/transactions" "^5.5.0"
    "@ethersproject/wordlists" "^5.5.0"

"@ethersproject/json-wallets@5.5.0", "@ethersproject/json-wallets@^5.5.0":
  version "5.5.0"
  resolved "https://registry.npmjs.org/@ethersproject/json-wallets/-/json-wallets-5.5.0.tgz"
  integrity sha512-9lA21XQnCdcS72xlBn1jfQdj2A1VUxZzOzi9UkNdnokNKke/9Ya2xA9aIK1SC3PQyBDLt4C+dfps7ULpkvKikQ==
  dependencies:
    "@ethersproject/abstract-signer" "^5.5.0"
    "@ethersproject/address" "^5.5.0"
    "@ethersproject/bytes" "^5.5.0"
    "@ethersproject/hdnode" "^5.5.0"
    "@ethersproject/keccak256" "^5.5.0"
    "@ethersproject/logger" "^5.5.0"
    "@ethersproject/pbkdf2" "^5.5.0"
    "@ethersproject/properties" "^5.5.0"
    "@ethersproject/random" "^5.5.0"
    "@ethersproject/strings" "^5.5.0"
    "@ethersproject/transactions" "^5.5.0"
    aes-js "3.0.0"
    scrypt-js "3.0.1"

"@ethersproject/keccak256@5.5.0", "@ethersproject/keccak256@^5.5.0":
  version "5.5.0"
  resolved "https://registry.npmjs.org/@ethersproject/keccak256/-/keccak256-5.5.0.tgz"
  integrity sha512-5VoFCTjo2rYbBe1l2f4mccaRFN/4VQEYFwwn04aJV2h7qf4ZvI2wFxUE1XOX+snbwCLRzIeikOqtAoPwMza9kg==
  dependencies:
    "@ethersproject/bytes" "^5.5.0"
    js-sha3 "0.8.0"

"@ethersproject/logger@5.5.0", "@ethersproject/logger@^5.5.0":
  version "5.5.0"
  resolved "https://registry.npmjs.org/@ethersproject/logger/-/logger-5.5.0.tgz"
  integrity sha512-rIY/6WPm7T8n3qS2vuHTUBPdXHl+rGxWxW5okDfo9J4Z0+gRRZT0msvUdIJkE4/HS29GUMziwGaaKO2bWONBrg==

"@ethersproject/networks@5.5.2", "@ethersproject/networks@^5.5.0":
  version "5.5.2"
  resolved "https://registry.npmjs.org/@ethersproject/networks/-/networks-5.5.2.tgz"
  integrity sha512-NEqPxbGBfy6O3x4ZTISb90SjEDkWYDUbEeIFhJly0F7sZjoQMnj5KYzMSkMkLKZ+1fGpx00EDpHQCy6PrDupkQ==
  dependencies:
    "@ethersproject/logger" "^5.5.0"

"@ethersproject/pbkdf2@5.5.0", "@ethersproject/pbkdf2@^5.5.0":
  version "5.5.0"
  resolved "https://registry.npmjs.org/@ethersproject/pbkdf2/-/pbkdf2-5.5.0.tgz"
  integrity sha512-SaDvQFvXPnz1QGpzr6/HToLifftSXGoXrbpZ6BvoZhmx4bNLHrxDe8MZisuecyOziP1aVEwzC2Hasj+86TgWVg==
  dependencies:
    "@ethersproject/bytes" "^5.5.0"
    "@ethersproject/sha2" "^5.5.0"

"@ethersproject/properties@5.5.0", "@ethersproject/properties@^5.5.0":
  version "5.5.0"
  resolved "https://registry.npmjs.org/@ethersproject/properties/-/properties-5.5.0.tgz"
  integrity sha512-l3zRQg3JkD8EL3CPjNK5g7kMx4qSwiR60/uk5IVjd3oq1MZR5qUg40CNOoEJoX5wc3DyY5bt9EbMk86C7x0DNA==
  dependencies:
    "@ethersproject/logger" "^5.5.0"

"@ethersproject/providers@5.5.2":
  version "5.5.2"
  resolved "https://registry.npmjs.org/@ethersproject/providers/-/providers-5.5.2.tgz"
  integrity sha512-hkbx7x/MKcRjyrO4StKXCzCpWer6s97xnm34xkfPiarhtEUVAN4TBBpamM+z66WcTt7H5B53YwbRj1n7i8pZoQ==
  dependencies:
    "@ethersproject/abstract-provider" "^5.5.0"
    "@ethersproject/abstract-signer" "^5.5.0"
    "@ethersproject/address" "^5.5.0"
    "@ethersproject/basex" "^5.5.0"
    "@ethersproject/bignumber" "^5.5.0"
    "@ethersproject/bytes" "^5.5.0"
    "@ethersproject/constants" "^5.5.0"
    "@ethersproject/hash" "^5.5.0"
    "@ethersproject/logger" "^5.5.0"
    "@ethersproject/networks" "^5.5.0"
    "@ethersproject/properties" "^5.5.0"
    "@ethersproject/random" "^5.5.0"
    "@ethersproject/rlp" "^5.5.0"
    "@ethersproject/sha2" "^5.5.0"
    "@ethersproject/strings" "^5.5.0"
    "@ethersproject/transactions" "^5.5.0"
    "@ethersproject/web" "^5.5.0"
    bech32 "1.1.4"
    ws "7.4.6"

"@ethersproject/random@5.5.1", "@ethersproject/random@^5.5.0":
  version "5.5.1"
  resolved "https://registry.npmjs.org/@ethersproject/random/-/random-5.5.1.tgz"
  integrity sha512-YaU2dQ7DuhL5Au7KbcQLHxcRHfgyNgvFV4sQOo0HrtW3Zkrc9ctWNz8wXQ4uCSfSDsqX2vcjhroxU5RQRV0nqA==
  dependencies:
    "@ethersproject/bytes" "^5.5.0"
    "@ethersproject/logger" "^5.5.0"

"@ethersproject/rlp@5.5.0", "@ethersproject/rlp@^5.5.0":
  version "5.5.0"
  resolved "https://registry.npmjs.org/@ethersproject/rlp/-/rlp-5.5.0.tgz"
  integrity sha512-hLv8XaQ8PTI9g2RHoQGf/WSxBfTB/NudRacbzdxmst5VHAqd1sMibWG7SENzT5Dj3yZ3kJYx+WiRYEcQTAkcYA==
  dependencies:
    "@ethersproject/bytes" "^5.5.0"
    "@ethersproject/logger" "^5.5.0"

"@ethersproject/sha2@5.5.0", "@ethersproject/sha2@^5.5.0":
  version "5.5.0"
  resolved "https://registry.npmjs.org/@ethersproject/sha2/-/sha2-5.5.0.tgz"
  integrity sha512-B5UBoglbCiHamRVPLA110J+2uqsifpZaTmid2/7W5rbtYVz6gus6/hSDieIU/6gaKIDcOj12WnOdiymEUHIAOA==
  dependencies:
    "@ethersproject/bytes" "^5.5.0"
    "@ethersproject/logger" "^5.5.0"
    hash.js "1.1.7"

"@ethersproject/signing-key@5.5.0", "@ethersproject/signing-key@^5.5.0":
  version "5.5.0"
  resolved "https://registry.npmjs.org/@ethersproject/signing-key/-/signing-key-5.5.0.tgz"
  integrity sha512-5VmseH7qjtNmDdZBswavhotYbWB0bOwKIlOTSlX14rKn5c11QmJwGt4GHeo7NrL/Ycl7uo9AHvEqs5xZgFBTng==
  dependencies:
    "@ethersproject/bytes" "^5.5.0"
    "@ethersproject/logger" "^5.5.0"
    "@ethersproject/properties" "^5.5.0"
    bn.js "^4.11.9"
    elliptic "6.5.4"
    hash.js "1.1.7"

"@ethersproject/solidity@5.5.0":
  version "5.5.0"
  resolved "https://registry.npmjs.org/@ethersproject/solidity/-/solidity-5.5.0.tgz"
  integrity sha512-9NgZs9LhGMj6aCtHXhtmFQ4AN4sth5HuFXVvAQtzmm0jpSCNOTGtrHZJAeYTh7MBjRR8brylWZxBZR9zDStXbw==
  dependencies:
    "@ethersproject/bignumber" "^5.5.0"
    "@ethersproject/bytes" "^5.5.0"
    "@ethersproject/keccak256" "^5.5.0"
    "@ethersproject/logger" "^5.5.0"
    "@ethersproject/sha2" "^5.5.0"
    "@ethersproject/strings" "^5.5.0"

"@ethersproject/strings@5.5.0", "@ethersproject/strings@^5.5.0":
  version "5.5.0"
  resolved "https://registry.npmjs.org/@ethersproject/strings/-/strings-5.5.0.tgz"
  integrity sha512-9fy3TtF5LrX/wTrBaT8FGE6TDJyVjOvXynXJz5MT5azq+E6D92zuKNx7i29sWW2FjVOaWjAsiZ1ZWznuduTIIQ==
  dependencies:
    "@ethersproject/bytes" "^5.5.0"
    "@ethersproject/constants" "^5.5.0"
    "@ethersproject/logger" "^5.5.0"

"@ethersproject/transactions@5.5.0", "@ethersproject/transactions@^5.5.0":
  version "5.5.0"
  resolved "https://registry.npmjs.org/@ethersproject/transactions/-/transactions-5.5.0.tgz"
  integrity sha512-9RZYSKX26KfzEd/1eqvv8pLauCKzDTub0Ko4LfIgaERvRuwyaNV78mJs7cpIgZaDl6RJui4o49lHwwCM0526zA==
  dependencies:
    "@ethersproject/address" "^5.5.0"
    "@ethersproject/bignumber" "^5.5.0"
    "@ethersproject/bytes" "^5.5.0"
    "@ethersproject/constants" "^5.5.0"
    "@ethersproject/keccak256" "^5.5.0"
    "@ethersproject/logger" "^5.5.0"
    "@ethersproject/properties" "^5.5.0"
    "@ethersproject/rlp" "^5.5.0"
    "@ethersproject/signing-key" "^5.5.0"

"@ethersproject/units@5.5.0":
  version "5.5.0"
  resolved "https://registry.npmjs.org/@ethersproject/units/-/units-5.5.0.tgz"
  integrity sha512-7+DpjiZk4v6wrikj+TCyWWa9dXLNU73tSTa7n0TSJDxkYbV3Yf1eRh9ToMLlZtuctNYu9RDNNy2USq3AdqSbag==
  dependencies:
    "@ethersproject/bignumber" "^5.5.0"
    "@ethersproject/constants" "^5.5.0"
    "@ethersproject/logger" "^5.5.0"

"@ethersproject/wallet@5.5.0":
  version "5.5.0"
  resolved "https://registry.npmjs.org/@ethersproject/wallet/-/wallet-5.5.0.tgz"
  integrity sha512-Mlu13hIctSYaZmUOo7r2PhNSd8eaMPVXe1wxrz4w4FCE4tDYBywDH+bAR1Xz2ADyXGwqYMwstzTrtUVIsKDO0Q==
  dependencies:
    "@ethersproject/abstract-provider" "^5.5.0"
    "@ethersproject/abstract-signer" "^5.5.0"
    "@ethersproject/address" "^5.5.0"
    "@ethersproject/bignumber" "^5.5.0"
    "@ethersproject/bytes" "^5.5.0"
    "@ethersproject/hash" "^5.5.0"
    "@ethersproject/hdnode" "^5.5.0"
    "@ethersproject/json-wallets" "^5.5.0"
    "@ethersproject/keccak256" "^5.5.0"
    "@ethersproject/logger" "^5.5.0"
    "@ethersproject/properties" "^5.5.0"
    "@ethersproject/random" "^5.5.0"
    "@ethersproject/signing-key" "^5.5.0"
    "@ethersproject/transactions" "^5.5.0"
    "@ethersproject/wordlists" "^5.5.0"

"@ethersproject/web@5.5.1", "@ethersproject/web@^5.5.0":
  version "5.5.1"
  resolved "https://registry.npmjs.org/@ethersproject/web/-/web-5.5.1.tgz"
  integrity sha512-olvLvc1CB12sREc1ROPSHTdFCdvMh0J5GSJYiQg2D0hdD4QmJDy8QYDb1CvoqD/bF1c++aeKv2sR5uduuG9dQg==
  dependencies:
    "@ethersproject/base64" "^5.5.0"
    "@ethersproject/bytes" "^5.5.0"
    "@ethersproject/logger" "^5.5.0"
    "@ethersproject/properties" "^5.5.0"
    "@ethersproject/strings" "^5.5.0"

"@ethersproject/wordlists@5.5.0", "@ethersproject/wordlists@^5.5.0":
  version "5.5.0"
  resolved "https://registry.npmjs.org/@ethersproject/wordlists/-/wordlists-5.5.0.tgz"
  integrity sha512-bL0UTReWDiaQJJYOC9sh/XcRu/9i2jMrzf8VLRmPKx58ckSlOJiohODkECCO50dtLZHcGU6MLXQ4OOrgBwP77Q==
  dependencies:
    "@ethersproject/bytes" "^5.5.0"
    "@ethersproject/hash" "^5.5.0"
    "@ethersproject/logger" "^5.5.0"
    "@ethersproject/properties" "^5.5.0"
    "@ethersproject/strings" "^5.5.0"

"@popperjs/core@^2.10.2":
  version "2.11.2"
  resolved "https://registry.npmjs.org/@popperjs/core/-/core-2.11.2.tgz"
  integrity sha512-92FRmppjjqz29VMJ2dn+xdyXZBrMlE42AV6Kq6BwjWV7CNUW1hs2FtxSNLQE+gJhaZ6AAmYuO9y8dshhcBl7vA==

"@vitejs/plugin-vue@^1.3.0":
  version "1.10.2"
  resolved "https://registry.npmjs.org/@vitejs/plugin-vue/-/plugin-vue-1.10.2.tgz"
  integrity sha512-/QJ0Z9qfhAFtKRY+r57ziY4BSbGUTGsPRMpB/Ron3QPwBZM4OZAZHdTa4a8PafCwU5DTatXG8TMDoP8z+oDqJw==

"@vue/compiler-core@3.2.26":
  version "3.2.26"
  resolved "https://registry.npmjs.org/@vue/compiler-core/-/compiler-core-3.2.26.tgz"
  integrity sha512-N5XNBobZbaASdzY9Lga2D9Lul5vdCIOXvUMd6ThcN8zgqQhPKfCV+wfAJNNJKQkSHudnYRO2gEB+lp0iN3g2Tw==
  dependencies:
    "@babel/parser" "^7.16.4"
    "@vue/shared" "3.2.26"
    estree-walker "^2.0.2"
    source-map "^0.6.1"

"@vue/compiler-dom@3.2.26":
  version "3.2.26"
  resolved "https://registry.npmjs.org/@vue/compiler-dom/-/compiler-dom-3.2.26.tgz"
  integrity sha512-smBfaOW6mQDxcT3p9TKT6mE22vjxjJL50GFVJiI0chXYGU/xzC05QRGrW3HHVuJrmLTLx5zBhsZ2dIATERbarg==
  dependencies:
    "@vue/compiler-core" "3.2.26"
    "@vue/shared" "3.2.26"

"@vue/compiler-sfc@3.2.26", "@vue/compiler-sfc@^3.0.5":
  version "3.2.26"
  resolved "https://registry.npmjs.org/@vue/compiler-sfc/-/compiler-sfc-3.2.26.tgz"
  integrity sha512-ePpnfktV90UcLdsDQUh2JdiTuhV0Skv2iYXxfNMOK/F3Q+2BO0AulcVcfoksOpTJGmhhfosWfMyEaEf0UaWpIw==
  dependencies:
    "@babel/parser" "^7.16.4"
    "@vue/compiler-core" "3.2.26"
    "@vue/compiler-dom" "3.2.26"
    "@vue/compiler-ssr" "3.2.26"
    "@vue/reactivity-transform" "3.2.26"
    "@vue/shared" "3.2.26"
    estree-walker "^2.0.2"
    magic-string "^0.25.7"
    postcss "^8.1.10"
    source-map "^0.6.1"

"@vue/compiler-ssr@3.2.26":
  version "3.2.26"
  resolved "https://registry.npmjs.org/@vue/compiler-ssr/-/compiler-ssr-3.2.26.tgz"
  integrity sha512-2mywLX0ODc4Zn8qBoA2PDCsLEZfpUGZcyoFRLSOjyGGK6wDy2/5kyDOWtf0S0UvtoyVq95OTSGIALjZ4k2q/ag==
  dependencies:
    "@vue/compiler-dom" "3.2.26"
    "@vue/shared" "3.2.26"

"@vue/devtools-api@^6.0.0-beta.11", "@vue/devtools-api@^6.0.0-beta.18":
  version "6.0.0-beta.21.1"
  resolved "https://registry.npmjs.org/@vue/devtools-api/-/devtools-api-6.0.0-beta.21.1.tgz"
  integrity sha512-FqC4s3pm35qGVeXRGOjTsRzlkJjrBLriDS9YXbflHLsfA9FrcKzIyWnLXoNm+/7930E8rRakXuAc2QkC50swAw==

"@vue/reactivity-transform@3.2.26":
  version "3.2.26"
  resolved "https://registry.npmjs.org/@vue/reactivity-transform/-/reactivity-transform-3.2.26.tgz"
  integrity sha512-XKMyuCmzNA7nvFlYhdKwD78rcnmPb7q46uoR00zkX6yZrUmcCQ5OikiwUEVbvNhL5hBJuvbSO95jB5zkUon+eQ==
  dependencies:
    "@babel/parser" "^7.16.4"
    "@vue/compiler-core" "3.2.26"
    "@vue/shared" "3.2.26"
    estree-walker "^2.0.2"
    magic-string "^0.25.7"

"@vue/reactivity@3.2.26":
  version "3.2.26"
  resolved "https://registry.npmjs.org/@vue/reactivity/-/reactivity-3.2.26.tgz"
  integrity sha512-h38bxCZLW6oFJVDlCcAiUKFnXI8xP8d+eO0pcDxx+7dQfSPje2AO6M9S9QO6MrxQB7fGP0DH0dYQ8ksf6hrXKQ==
  dependencies:
    "@vue/shared" "3.2.26"

"@vue/runtime-core@3.2.26":
  version "3.2.26"
  resolved "https://registry.npmjs.org/@vue/runtime-core/-/runtime-core-3.2.26.tgz"
  integrity sha512-BcYi7qZ9Nn+CJDJrHQ6Zsmxei2hDW0L6AB4vPvUQGBm2fZyC0GXd/4nVbyA2ubmuhctD5RbYY8L+5GUJszv9mQ==
  dependencies:
    "@vue/reactivity" "3.2.26"
    "@vue/shared" "3.2.26"

"@vue/runtime-dom@3.2.26":
  version "3.2.26"
  resolved "https://registry.npmjs.org/@vue/runtime-dom/-/runtime-dom-3.2.26.tgz"
  integrity sha512-dY56UIiZI+gjc4e8JQBwAifljyexfVCkIAu/WX8snh8vSOt/gMSEGwPRcl2UpYpBYeyExV8WCbgvwWRNt9cHhQ==
  dependencies:
    "@vue/runtime-core" "3.2.26"
    "@vue/shared" "3.2.26"
    csstype "^2.6.8"

"@vue/server-renderer@3.2.26":
  version "3.2.26"
  resolved "https://registry.npmjs.org/@vue/server-renderer/-/server-renderer-3.2.26.tgz"
  integrity sha512-Jp5SggDUvvUYSBIvYEhy76t4nr1vapY/FIFloWmQzn7UxqaHrrBpbxrqPcTrSgGrcaglj0VBp22BKJNre4aA1w==
  dependencies:
    "@vue/compiler-ssr" "3.2.26"
    "@vue/shared" "3.2.26"

"@vue/shared@3.2.26":
  version "3.2.26"
  resolved "https://registry.npmjs.org/@vue/shared/-/shared-3.2.26.tgz"
  integrity sha512-vPV6Cq+NIWbH5pZu+V+2QHE9y1qfuTq49uNWw4f7FDEeZaDU2H2cx5jcUZOAKW7qTrUS4k6qZPbMy1x4N96nbA==

"@vueuse/core@^7.3.0":
  version "7.5.3"
  resolved "https://registry.npmjs.org/@vueuse/core/-/core-7.5.3.tgz"
  integrity sha512-D9j5ymHFMFRXQqCp0yZJkf/bvBGiz0MrKUa364p+L8dMyd5zyq2K1JmHyvoBd4xbTFRfmQ1h878u6YE5LCkDVQ==
  dependencies:
    "@vueuse/shared" "7.5.3"
    vue-demi "*"

"@vueuse/shared@7.5.3":
  version "7.5.3"
  resolved "https://registry.npmjs.org/@vueuse/shared/-/shared-7.5.3.tgz"
  integrity sha512-BJ71cxHN5VByW1S58Gl85NFJaQu93F7Vs7K/MuAKsIIuHm9PBbkR5Vxkg9ko9cBdiKVt+FNoo13BhdbA+Vwycg==
  dependencies:
    vue-demi "*"

aes-js@3.0.0:
  version "3.0.0"
  resolved "https://registry.npmjs.org/aes-js/-/aes-js-3.0.0.tgz"
  integrity sha1-4h3xCtbCBTKVvLuNq0Cwnb6ofk0=

async-validator@^4.0.7:
  version "4.0.7"
  resolved "https://registry.npmjs.org/async-validator/-/async-validator-4.0.7.tgz"
  integrity sha512-Pj2IR7u8hmUEDOwB++su6baaRi+QvsgajuFB9j95foM1N2gy5HM4z60hfusIO0fBPG5uLAEl6yCJr1jNSVugEQ==

bech32@1.1.4:
  version "1.1.4"
  resolved "https://registry.npmjs.org/bech32/-/bech32-1.1.4.tgz"
  integrity sha512-s0IrSOzLlbvX7yp4WBfPITzpAU8sqQcpsmwXDiKwrG4r491vwCO/XpejasRNl0piBMe/DvP4Tz0mIS/X1DPJBQ==

bn.js@^4.11.9:
  version "4.12.0"
  resolved "https://registry.npmjs.org/bn.js/-/bn.js-4.12.0.tgz"
  integrity sha512-c98Bf3tPniI+scsdk237ku1Dc3ujXQTSgyiPUDEOe7tRkhrqridvh8klBv0HCEso1OLOYcHuCv/cS6DNxKH+ZA==

brorand@^1.1.0:
  version "1.1.0"
  resolved "https://registry.npmjs.org/brorand/-/brorand-1.1.0.tgz"
  integrity sha1-EsJe/kCkXjwyPrhnWgoM5XsiNx8=

clipboard@^2.0.8:
  version "2.0.8"
  resolved "https://registry.npmjs.org/clipboard/-/clipboard-2.0.8.tgz"
  integrity sha512-Y6WO0unAIQp5bLmk1zdThRhgJt/x3ks6f30s3oE3H1mgIEU33XyQjEf8gsf6DxC7NPX8Y1SsNWjUjL/ywLnnbQ==
  dependencies:
    good-listener "^1.2.2"
    select "^1.1.2"
    tiny-emitter "^2.0.0"

csstype@^2.6.8:
  version "2.6.19"
  resolved "https://registry.npmjs.org/csstype/-/csstype-2.6.19.tgz"
  integrity sha512-ZVxXaNy28/k3kJg0Fou5MiYpp88j7H9hLZp8PDC3jV0WFjfH5E9xHb56L0W59cPbKbcHXeP4qyT8PrHp8t6LcQ==

dayjs@^1.10.7:
  version "1.10.7"
  resolved "https://registry.npmjs.org/dayjs/-/dayjs-1.10.7.tgz"
  integrity sha512-P6twpd70BcPK34K26uJ1KT3wlhpuOAPoMwJzpsIWUxHZ7wpmbdZL/hQqBDfz7hGurYSa5PhzdhDHtt319hL3ig==

delegate@^3.1.2:
  version "3.2.0"
  resolved "https://registry.npmjs.org/delegate/-/delegate-3.2.0.tgz"
  integrity sha512-IofjkYBZaZivn0V8nnsMJGBr4jVLxHDheKSW88PyxS5QC4Vo9ZbZVvhzlSxY87fVq3STR6r+4cGepyHkcWOQSw==

element-plus@1.3.0-beta.3:
  version "1.3.0-beta.3"
  resolved "https://registry.npmjs.org/element-plus/-/element-plus-1.3.0-beta.3.tgz"
  integrity sha512-OeSAfuXpZJAdakC9hsQkcBrQEib+uVzzTZ52EiZZxQ1ArktxdfONkQyZ/KTR20pfr+3gla2guhWseg60md1sLA==
  dependencies:
    "@ctrl/tinycolor" "^3.4.0"
    "@element-plus/icons-vue" "^0.2.4"
    "@popperjs/core" "^2.10.2"
    "@vueuse/core" "^7.3.0"
    async-validator "^4.0.7"
    dayjs "^1.10.7"
    lodash "^4.17.21"
    memoize-one "^6.0.0"
    normalize-wheel-es "^1.1.1"

elliptic@6.5.4:
  version "6.5.4"
  resolved "https://registry.npmjs.org/elliptic/-/elliptic-6.5.4.tgz"
  integrity sha512-iLhC6ULemrljPZb+QutR5TQGB+pdW6KGD5RSegS+8sorOZT+rdQFbsQFJgvN3eRqNALqJer4oQ16YvJHlU8hzQ==
  dependencies:
    bn.js "^4.11.9"
    brorand "^1.1.0"
    hash.js "^1.0.0"
    hmac-drbg "^1.0.1"
    inherits "^2.0.4"
    minimalistic-assert "^1.0.1"
    minimalistic-crypto-utils "^1.0.1"

esbuild-android-arm64@0.13.15:
  version "0.13.15"
  resolved "https://registry.yarnpkg.com/esbuild-android-arm64/-/esbuild-android-arm64-0.13.15.tgz#3fc3ff0bab76fe35dd237476b5d2b32bb20a3d44"
  integrity sha512-m602nft/XXeO8YQPUDVoHfjyRVPdPgjyyXOxZ44MK/agewFFkPa8tUo6lAzSWh5Ui5PB4KR9UIFTSBKh/RrCmg==

esbuild-darwin-64@0.13.15:
  version "0.13.15"
  resolved "https://registry.yarnpkg.com/esbuild-darwin-64/-/esbuild-darwin-64-0.13.15.tgz#8e9169c16baf444eacec60d09b24d11b255a8e72"
  integrity sha512-ihOQRGs2yyp7t5bArCwnvn2Atr6X4axqPpEdCFPVp7iUj4cVSdisgvEKdNR7yH3JDjW6aQDw40iQFoTqejqxvQ==

esbuild-darwin-arm64@0.13.15:
  version "0.13.15"
  resolved "https://registry.yarnpkg.com/esbuild-darwin-arm64/-/esbuild-darwin-arm64-0.13.15.tgz#1b07f893b632114f805e188ddfca41b2b778229a"
  integrity sha512-i1FZssTVxUqNlJ6cBTj5YQj4imWy3m49RZRnHhLpefFIh0To05ow9DTrXROTE1urGTQCloFUXTX8QfGJy1P8dQ==

esbuild-freebsd-64@0.13.15:
  version "0.13.15"
  resolved "https://registry.yarnpkg.com/esbuild-freebsd-64/-/esbuild-freebsd-64-0.13.15.tgz#0b8b7eca1690c8ec94c75680c38c07269c1f4a85"
  integrity sha512-G3dLBXUI6lC6Z09/x+WtXBXbOYQZ0E8TDBqvn7aMaOCzryJs8LyVXKY4CPnHFXZAbSwkCbqiPuSQ1+HhrNk7EA==

esbuild-freebsd-arm64@0.13.15:
  version "0.13.15"
  resolved "https://registry.yarnpkg.com/esbuild-freebsd-arm64/-/esbuild-freebsd-arm64-0.13.15.tgz#2e1a6c696bfdcd20a99578b76350b41db1934e52"
  integrity sha512-KJx0fzEDf1uhNOZQStV4ujg30WlnwqUASaGSFPhznLM/bbheu9HhqZ6mJJZM32lkyfGJikw0jg7v3S0oAvtvQQ==

esbuild-linux-32@0.13.15:
  version "0.13.15"
  resolved "https://registry.yarnpkg.com/esbuild-linux-32/-/esbuild-linux-32-0.13.15.tgz#6fd39f36fc66dd45b6b5f515728c7bbebc342a69"
  integrity sha512-ZvTBPk0YWCLMCXiFmD5EUtB30zIPvC5Itxz0mdTu/xZBbbHJftQgLWY49wEPSn2T/TxahYCRDWun5smRa0Tu+g==

esbuild-linux-64@0.13.15:
  version "0.13.15"
  resolved "https://registry.yarnpkg.com/esbuild-linux-64/-/esbuild-linux-64-0.13.15.tgz#9cb8e4bcd7574e67946e4ee5f1f1e12386bb6dd3"
  integrity sha512-eCKzkNSLywNeQTRBxJRQ0jxRCl2YWdMB3+PkWFo2BBQYC5mISLIVIjThNtn6HUNqua1pnvgP5xX0nHbZbPj5oA==

esbuild-linux-arm64@0.13.15:
  version "0.13.15"
  resolved "https://registry.yarnpkg.com/esbuild-linux-arm64/-/esbuild-linux-arm64-0.13.15.tgz#3891aa3704ec579a1b92d2a586122e5b6a2bfba1"
  integrity sha512-bYpuUlN6qYU9slzr/ltyLTR9YTBS7qUDymO8SV7kjeNext61OdmqFAzuVZom+OLW1HPHseBfJ/JfdSlx8oTUoA==

esbuild-linux-arm@0.13.15:
  version "0.13.15"
  resolved "https://registry.yarnpkg.com/esbuild-linux-arm/-/esbuild-linux-arm-0.13.15.tgz#8a00e99e6a0c6c9a6b7f334841364d8a2b4aecfe"
  integrity sha512-wUHttDi/ol0tD8ZgUMDH8Ef7IbDX+/UsWJOXaAyTdkT7Yy9ZBqPg8bgB/Dn3CZ9SBpNieozrPRHm0BGww7W/jA==

esbuild-linux-mips64le@0.13.15:
  version "0.13.15"
  resolved "https://registry.yarnpkg.com/esbuild-linux-mips64le/-/esbuild-linux-mips64le-0.13.15.tgz#36b07cc47c3d21e48db3bb1f4d9ef8f46aead4f7"
  integrity sha512-KlVjIG828uFPyJkO/8gKwy9RbXhCEUeFsCGOJBepUlpa7G8/SeZgncUEz/tOOUJTcWMTmFMtdd3GElGyAtbSWg==

esbuild-linux-ppc64le@0.13.15:
  version "0.13.15"
  resolved "https://registry.yarnpkg.com/esbuild-linux-ppc64le/-/esbuild-linux-ppc64le-0.13.15.tgz#f7e6bba40b9a11eb9dcae5b01550ea04670edad2"
  integrity sha512-h6gYF+OsaqEuBjeesTBtUPw0bmiDu7eAeuc2OEH9S6mV9/jPhPdhOWzdeshb0BskRZxPhxPOjqZ+/OqLcxQwEQ==

esbuild-netbsd-64@0.13.15:
  version "0.13.15"
  resolved "https://registry.yarnpkg.com/esbuild-netbsd-64/-/esbuild-netbsd-64-0.13.15.tgz#a2fedc549c2b629d580a732d840712b08d440038"
  integrity sha512-3+yE9emwoevLMyvu+iR3rsa+Xwhie7ZEHMGDQ6dkqP/ndFzRHkobHUKTe+NCApSqG5ce2z4rFu+NX/UHnxlh3w==

esbuild-openbsd-64@0.13.15:
  version "0.13.15"
  resolved "https://registry.yarnpkg.com/esbuild-openbsd-64/-/esbuild-openbsd-64-0.13.15.tgz#b22c0e5806d3a1fbf0325872037f885306b05cd7"
  integrity sha512-wTfvtwYJYAFL1fSs8yHIdf5GEE4NkbtbXtjLWjM3Cw8mmQKqsg8kTiqJ9NJQe5NX/5Qlo7Xd9r1yKMMkHllp5g==

esbuild-sunos-64@0.13.15:
  version "0.13.15"
  resolved "https://registry.yarnpkg.com/esbuild-sunos-64/-/esbuild-sunos-64-0.13.15.tgz#d0b6454a88375ee8d3964daeff55c85c91c7cef4"
  integrity sha512-lbivT9Bx3t1iWWrSnGyBP9ODriEvWDRiweAs69vI+miJoeKwHWOComSRukttbuzjZ8r1q0mQJ8Z7yUsDJ3hKdw==

esbuild-windows-32@0.13.15:
  version "0.13.15"
  resolved "https://registry.yarnpkg.com/esbuild-windows-32/-/esbuild-windows-32-0.13.15.tgz#c96d0b9bbb52f3303322582ef8e4847c5ad375a7"
  integrity sha512-fDMEf2g3SsJ599MBr50cY5ve5lP1wyVwTe6aLJsM01KtxyKkB4UT+fc5MXQFn3RLrAIAZOG+tHC+yXObpSn7Nw==

esbuild-windows-64@0.13.15:
  version "0.13.15"
  resolved "https://registry.npmjs.org/esbuild-windows-64/-/esbuild-windows-64-0.13.15.tgz"
  integrity sha512-9aMsPRGDWCd3bGjUIKG/ZOJPKsiztlxl/Q3C1XDswO6eNX/Jtwu4M+jb6YDH9hRSUflQWX0XKAfWzgy5Wk54JQ==

esbuild-windows-arm64@0.13.15:
  version "0.13.15"
  resolved "https://registry.yarnpkg.com/esbuild-windows-arm64/-/esbuild-windows-arm64-0.13.15.tgz#482173070810df22a752c686509c370c3be3b3c3"
  integrity sha512-zzvyCVVpbwQQATaf3IG8mu1IwGEiDxKkYUdA4FpoCHi1KtPa13jeScYDjlW0Qh+ebWzpKfR2ZwvqAQkSWNcKjA==

esbuild@^0.13.12:
  version "0.13.15"
  resolved "https://registry.npmjs.org/esbuild/-/esbuild-0.13.15.tgz"
  integrity sha512-raCxt02HBKv8RJxE8vkTSCXGIyKHdEdGfUmiYb8wnabnaEmHzyW7DCHb5tEN0xU8ryqg5xw54mcwnYkC4x3AIw==
  optionalDependencies:
    esbuild-android-arm64 "0.13.15"
    esbuild-darwin-64 "0.13.15"
    esbuild-darwin-arm64 "0.13.15"
    esbuild-freebsd-64 "0.13.15"
    esbuild-freebsd-arm64 "0.13.15"
    esbuild-linux-32 "0.13.15"
    esbuild-linux-64 "0.13.15"
    esbuild-linux-arm "0.13.15"
    esbuild-linux-arm64 "0.13.15"
    esbuild-linux-mips64le "0.13.15"
    esbuild-linux-ppc64le "0.13.15"
    esbuild-netbsd-64 "0.13.15"
    esbuild-openbsd-64 "0.13.15"
    esbuild-sunos-64 "0.13.15"
    esbuild-windows-32 "0.13.15"
    esbuild-windows-64 "0.13.15"
    esbuild-windows-arm64 "0.13.15"

estree-walker@^2.0.2:
  version "2.0.2"
  resolved "https://registry.npmjs.org/estree-walker/-/estree-walker-2.0.2.tgz"
  integrity sha512-Rfkk/Mp/DL7JVje3u18FxFujQlTNR2q6QfMSMB7AvCBx91NGj/ba3kCfza0f6dVDbw7YlRf/nDrn7pQrCCyQ/w==

ethers@^5.5.3:
  version "5.5.3"
  resolved "https://registry.npmjs.org/ethers/-/ethers-5.5.3.tgz"
  integrity sha512-fTT4WT8/hTe/BLwRUtl7I5zlpF3XC3P/Xwqxc5AIP2HGlH15qpmjs0Ou78az93b1rLITzXLFxoNX63B8ZbUd7g==
  dependencies:
    "@ethersproject/abi" "5.5.0"
    "@ethersproject/abstract-provider" "5.5.1"
    "@ethersproject/abstract-signer" "5.5.0"
    "@ethersproject/address" "5.5.0"
    "@ethersproject/base64" "5.5.0"
    "@ethersproject/basex" "5.5.0"
    "@ethersproject/bignumber" "5.5.0"
    "@ethersproject/bytes" "5.5.0"
    "@ethersproject/constants" "5.5.0"
    "@ethersproject/contracts" "5.5.0"
    "@ethersproject/hash" "5.5.0"
    "@ethersproject/hdnode" "5.5.0"
    "@ethersproject/json-wallets" "5.5.0"
    "@ethersproject/keccak256" "5.5.0"
    "@ethersproject/logger" "5.5.0"
    "@ethersproject/networks" "5.5.2"
    "@ethersproject/pbkdf2" "5.5.0"
    "@ethersproject/properties" "5.5.0"
    "@ethersproject/providers" "5.5.2"
    "@ethersproject/random" "5.5.1"
    "@ethersproject/rlp" "5.5.0"
    "@ethersproject/sha2" "5.5.0"
    "@ethersproject/signing-key" "5.5.0"
    "@ethersproject/solidity" "5.5.0"
    "@ethersproject/strings" "5.5.0"
    "@ethersproject/transactions" "5.5.0"
    "@ethersproject/units" "5.5.0"
    "@ethersproject/wallet" "5.5.0"
    "@ethersproject/web" "5.5.1"
    "@ethersproject/wordlists" "5.5.0"

fsevents@~2.3.2:
  version "2.3.2"
  resolved "https://registry.yarnpkg.com/fsevents/-/fsevents-2.3.2.tgz#8a526f78b8fdf4623b709e0b975c52c24c02fd1a"
  integrity sha512-xiqMQR4xAeHTuB9uWm+fFRcIOgKBMiOBP+eXiyT7jsgVCq1bkVygt00oASowB7EdtpOHaaPgKt812P9ab+DDKA==

function-bind@^1.1.1:
  version "1.1.1"
  resolved "https://registry.npmjs.org/function-bind/-/function-bind-1.1.1.tgz"
  integrity sha512-yIovAzMX49sF8Yl58fSCWJ5svSLuaibPxXQJFLmBObTuCr0Mf1KiPopGM9NiFjiYBCbfaa2Fh6breQ6ANVTI0A==

good-listener@^1.2.2:
  version "1.2.2"
  resolved "https://registry.npmjs.org/good-listener/-/good-listener-1.2.2.tgz"
  integrity sha1-1TswzfkxPf+33JoNR3CWqm0UXFA=
  dependencies:
    delegate "^3.1.2"

has@^1.0.3:
  version "1.0.3"
  resolved "https://registry.npmjs.org/has/-/has-1.0.3.tgz"
  integrity sha512-f2dvO0VU6Oej7RkWJGrehjbzMAjFp5/VKPp5tTpWIV4JHHZK1/BxbFRtf/siA2SWTe09caDmVtYYzWEIbBS4zw==
  dependencies:
    function-bind "^1.1.1"

hash.js@1.1.7, hash.js@^1.0.0, hash.js@^1.0.3:
  version "1.1.7"
  resolved "https://registry.npmjs.org/hash.js/-/hash.js-1.1.7.tgz"
  integrity sha512-taOaskGt4z4SOANNseOviYDvjEJinIkRgmp7LbKP2YTTmVxWBl87s/uzK9r+44BclBSp2X7K1hqeNfz9JbBeXA==
  dependencies:
    inherits "^2.0.3"
    minimalistic-assert "^1.0.1"

hmac-drbg@^1.0.1:
  version "1.0.1"
  resolved "https://registry.npmjs.org/hmac-drbg/-/hmac-drbg-1.0.1.tgz"
  integrity sha1-0nRXAQJabHdabFRXk+1QL8DGSaE=
  dependencies:
    hash.js "^1.0.3"
    minimalistic-assert "^1.0.0"
    minimalistic-crypto-utils "^1.0.1"

inherits@^2.0.3, inherits@^2.0.4:
  version "2.0.4"
  resolved "https://registry.npmjs.org/inherits/-/inherits-2.0.4.tgz"
  integrity sha512-k/vGaX4/Yla3WzyMCvTQOXYeIHvqOKtnqBduzTHpzpQZzAskKMhZ2K+EnBiSM9zGSoIFeMpXKxa4dYeZIQqewQ==

is-core-module@^2.8.0:
  version "2.8.1"
  resolved "https://registry.npmjs.org/is-core-module/-/is-core-module-2.8.1.tgz"
  integrity sha512-SdNCUs284hr40hFTFP6l0IfZ/RSrMXF3qgoRHd3/79unUTvrFO/JoXwkGm+5J/Oe3E/b5GsnG330uUNgRpu1PA==
  dependencies:
    has "^1.0.3"

js-sha3@0.8.0:
  version "0.8.0"
  resolved "https://registry.npmjs.org/js-sha3/-/js-sha3-0.8.0.tgz"
  integrity sha512-gF1cRrHhIzNfToc802P800N8PpXS+evLLXfsVpowqmAFR9uwbi89WvXg2QspOmXL8QL86J4T1EpFu+yUkwJY3Q==

lodash@^4.17.21:
  version "4.17.21"
  resolved "https://registry.npmjs.org/lodash/-/lodash-4.17.21.tgz"
  integrity sha512-v2kDEe57lecTulaDIuNTPy3Ry4gLGJ6Z1O3vE1krgXZNrsQ+LFTGHVxVjcXPs17LhbZVGedAJv8XZ1tvj5FvSg==

magic-string@^0.25.7:
  version "0.25.7"
  resolved "https://registry.npmjs.org/magic-string/-/magic-string-0.25.7.tgz"
  integrity sha512-4CrMT5DOHTDk4HYDlzmwu4FVCcIYI8gauveasrdCu2IKIFOJ3f0v/8MDGJCDL9oD2ppz/Av1b0Nj345H9M+XIA==
  dependencies:
    sourcemap-codec "^1.4.4"

memoize-one@^6.0.0:
  version "6.0.0"
  resolved "https://registry.npmjs.org/memoize-one/-/memoize-one-6.0.0.tgz"
  integrity sha512-rkpe71W0N0c0Xz6QD0eJETuWAJGnJ9afsl1srmwPrI+yBCkge5EycXXbYRyvL29zZVUWQCY7InPRCv3GDXuZNw==

minimalistic-assert@^1.0.0, minimalistic-assert@^1.0.1:
  version "1.0.1"
  resolved "https://registry.npmjs.org/minimalistic-assert/-/minimalistic-assert-1.0.1.tgz"
  integrity sha512-UtJcAD4yEaGtjPezWuO9wC4nwUnVH/8/Im3yEHQP4b67cXlD/Qr9hdITCU1xDbSEXg2XKNaP8jsReV7vQd00/A==

minimalistic-crypto-utils@^1.0.1:
  version "1.0.1"
  resolved "https://registry.npmjs.org/minimalistic-crypto-utils/-/minimalistic-crypto-utils-1.0.1.tgz"
  integrity sha1-9sAMHAsIIkblxNmd+4x8CDsrWCo=

nanoid@^3.1.30:
  version "3.1.30"
  resolved "https://registry.npmjs.org/nanoid/-/nanoid-3.1.30.tgz"
  integrity sha512-zJpuPDwOv8D2zq2WRoMe1HsfZthVewpel9CAvTfc/2mBD1uUT/agc5f7GHGWXlYkFvi1mVxe4IjvP2HNrop7nQ==

normalize-wheel-es@^1.1.1:
  version "1.1.1"
  resolved "https://registry.npmjs.org/normalize-wheel-es/-/normalize-wheel-es-1.1.1.tgz"
  integrity sha512-157VNH4CngrcsvF8xOVOe22cwniIR3nxSltdctvQeHZj8JttEeOXffK28jucWfWBXs0QNetAumjc1GiInnwX4w==

path-parse@^1.0.7:
  version "1.0.7"
  resolved "https://registry.npmjs.org/path-parse/-/path-parse-1.0.7.tgz"
  integrity sha512-LDJzPVEEEPR+y48z93A0Ed0yXb8pAByGWo/k5YYdYgpY2/2EsOsksJrq7lOHxryrVOn1ejG6oAp8ahvOIQD8sw==

picocolors@^1.0.0:
  version "1.0.0"
  resolved "https://registry.npmjs.org/picocolors/-/picocolors-1.0.0.tgz"
  integrity sha512-1fygroTLlHu66zi26VoTDv8yRgm0Fccecssto+MhsZ0D/DGW2sm8E8AjW7NU5VVTRt5GxbeZ5qBuJr+HyLYkjQ==

postcss@^8.1.10, postcss@^8.4.5:
  version "8.4.5"
  resolved "https://registry.npmjs.org/postcss/-/postcss-8.4.5.tgz"
  integrity sha512-jBDboWM8qpaqwkMwItqTQTiFikhs/67OYVvblFFTM7MrZjt6yMKd6r2kgXizEbTTljacm4NldIlZnhbjr84QYg==
  dependencies:
    nanoid "^3.1.30"
    picocolors "^1.0.0"
    source-map-js "^1.0.1"

resolve@^1.20.0:
  version "1.21.0"
  resolved "https://registry.npmjs.org/resolve/-/resolve-1.21.0.tgz"
  integrity sha512-3wCbTpk5WJlyE4mSOtDLhqQmGFi0/TD9VPwmiolnk8U0wRgMEktqCXd3vy5buTO3tljvalNvKrjHEfrd2WpEKA==
  dependencies:
    is-core-module "^2.8.0"
    path-parse "^1.0.7"
    supports-preserve-symlinks-flag "^1.0.0"

rollup@^2.59.0:
  version "2.63.0"
  resolved "https://registry.npmjs.org/rollup/-/rollup-2.63.0.tgz"
  integrity sha512-nps0idjmD+NXl6OREfyYXMn/dar3WGcyKn+KBzPdaLecub3x/LrId0wUcthcr8oZUAcZAR8NKcfGGFlNgGL1kQ==
  optionalDependencies:
    fsevents "~2.3.2"

scrypt-js@3.0.1:
  version "3.0.1"
  resolved "https://registry.npmjs.org/scrypt-js/-/scrypt-js-3.0.1.tgz"
  integrity sha512-cdwTTnqPu0Hyvf5in5asVdZocVDTNRmR7XEcJuIzMjJeSHybHl7vpB66AzwTaIg6CLSbtjcxc8fqcySfnTkccA==

select@^1.1.2:
  version "1.1.2"
  resolved "https://registry.npmjs.org/select/-/select-1.1.2.tgz"
  integrity sha1-DnNQrN7ICxEIUoeG7B1EGNEbOW0=

source-map-js@^1.0.1:
  version "1.0.1"
  resolved "https://registry.npmjs.org/source-map-js/-/source-map-js-1.0.1.tgz"
  integrity sha512-4+TN2b3tqOCd/kaGRJ/sTYA0tR0mdXx26ipdolxcwtJVqEnqNYvlCAt1q3ypy4QMlYus+Zh34RNtYLoq2oQ4IA==

source-map@^0.6.1:
  version "0.6.1"
  resolved "https://registry.npmjs.org/source-map/-/source-map-0.6.1.tgz"
  integrity sha512-UjgapumWlbMhkBgzT7Ykc5YXUT46F0iKu8SGXq0bcwP5dz/h0Plj6enJqjz1Zbq2l5WaqYnrVbwWOWMyF3F47g==

sourcemap-codec@^1.4.4:
  version "1.4.8"
  resolved "https://registry.npmjs.org/sourcemap-codec/-/sourcemap-codec-1.4.8.tgz"
  integrity sha512-9NykojV5Uih4lgo5So5dtw+f0JgJX30KCNI8gwhz2J9A15wD0Ml6tjHKwf6fTSa6fAdVBdZeNOs9eJ71qCk8vA==

supports-preserve-symlinks-flag@^1.0.0:
  version "1.0.0"
  resolved "https://registry.npmjs.org/supports-preserve-symlinks-flag/-/supports-preserve-symlinks-flag-1.0.0.tgz"
  integrity sha512-ot0WnXS9fgdkgIcePe6RHNk1WA8+muPa6cSjeR3V8K27q9BB1rTE3R1p7Hv0z1ZyAc8s6Vvv8DIyWf681MAt0w==

tiny-emitter@^2.0.0:
  version "2.1.0"
  resolved "https://registry.npmjs.org/tiny-emitter/-/tiny-emitter-2.1.0.tgz"
  integrity sha512-NB6Dk1A9xgQPMoGqC5CVXn123gWyte215ONT5Pp5a0yt4nlEoO1ZWeCwpncaekPHXO60i47ihFnZPiRPjRMq4Q==

vite@^2.4.4:
  version "2.7.10"
  resolved "https://registry.npmjs.org/vite/-/vite-2.7.10.tgz"
  integrity sha512-KEY96ntXUid1/xJihJbgmLZx7QSC2D4Tui0FdS0Old5OokYzFclcofhtxtjDdGOk/fFpPbHv9yw88+rB93Tb8w==
  dependencies:
    esbuild "^0.13.12"
    postcss "^8.4.5"
    resolve "^1.20.0"
    rollup "^2.59.0"
  optionalDependencies:
    fsevents "~2.3.2"

vue-demi@*:
  version "0.12.1"
  resolved "https://registry.npmjs.org/vue-demi/-/vue-demi-0.12.1.tgz"
  integrity sha512-QL3ny+wX8c6Xm1/EZylbgzdoDolye+VpCXRhI2hug9dJTP3OUJ3lmiKN3CsVV3mOJKwFi0nsstbgob0vG7aoIw==

vue-router@^4.0.12:
  version "4.0.12"
  resolved "https://registry.npmjs.org/vue-router/-/vue-router-4.0.12.tgz"
  integrity sha512-CPXvfqe+mZLB1kBWssssTiWg4EQERyqJZes7USiqfW9B5N2x+nHlnsM1D3b5CaJ6qgCvMmYJnz+G0iWjNCvXrg==
  dependencies:
    "@vue/devtools-api" "^6.0.0-beta.18"

vue@^3.2.26:
  version "3.2.26"
  resolved "https://registry.npmjs.org/vue/-/vue-3.2.26.tgz"
  integrity sha512-KD4lULmskL5cCsEkfhERVRIOEDrfEL9CwAsLYpzptOGjaGFNWo3BQ9g8MAb7RaIO71rmVOziZ/uEN/rHwcUIhg==
  dependencies:
    "@vue/compiler-dom" "3.2.26"
    "@vue/compiler-sfc" "3.2.26"
    "@vue/runtime-dom" "3.2.26"
    "@vue/server-renderer" "3.2.26"
    "@vue/shared" "3.2.26"

vuex@^4.0.2:
  version "4.0.2"
  resolved "https://registry.npmjs.org/vuex/-/vuex-4.0.2.tgz"
  integrity sha512-M6r8uxELjZIK8kTKDGgZTYX/ahzblnzC4isU1tpmEuOIIKmV+TRdc+H4s8ds2NuZ7wpUTdGRzJRtoj+lI+pc0Q==
  dependencies:
    "@vue/devtools-api" "^6.0.0-beta.11"

ws@7.4.6:
  version "7.4.6"
  resolved "https://registry.npmjs.org/ws/-/ws-7.4.6.tgz"
  integrity sha512-YmhHDO4MzaDLB+M9ym/mDA5z0naX8j7SIlT8f8z+I0VtzsRbekxEutHSme7NPS2qE8StCYQNUnfWdXta/Yu85A==
